
Microsoft Visual Studio Solution File, Format Version 12.00
# Visual Studio Version 16
VisualStudioVersion = 16.0.30413.136
MinimumVisualStudioVersion = 10.0.40219.1
Project("{FAE04EC0-301F-11D3-BF4B-00C04F79EFBC}") = "MarkdownDeep", "MarkdownDeep\MarkdownDeep.csproj", "{F32EE1F2-C0AF-490B-82FA-E4C238B15DC5}"
EndProject
Project("{FAE04EC0-301F-11D3-BF4B-00C04F79EFBC}") = "bootstrapmarkdown", "bootstrapmarkdown\bootstrapmarkdown.csproj", "{57FBEF74-E398-4482-AB0C-D1A9B24506C2}"
EndProject
Global
	GlobalSection(SolutionConfigurationPlatforms) = preSolution
		Debug|Any CPU = Debug|Any CPU
		Release|Any CPU = Release|Any CPU
	EndGlobalSection
	GlobalSection(ProjectConfigurationPlatforms) = postSolution
		{F32EE1F2-C0AF-490B-82FA-E4C238B15DC5}.Debug|Any CPU.ActiveCfg = Debug|Any CPU
		{F32EE1F2-C0AF-490B-82FA-E4C238B15DC5}.Debug|Any CPU.Build.0 = Debug|Any CPU
		{F32EE1F2-C0AF-490B-82FA-E4C238B15DC5}.Release|Any CPU.ActiveCfg = Release|Any CPU
		{F32EE1F2-C0AF-490B-82FA-E4C238B15DC5}.Release|Any CPU.Build.0 = Release|Any CPU
		{57FBEF74-E398-4482-AB0C-D1A9B24506C2}.Debug|Any CPU.ActiveCfg = Debug|Any CPU
		{57FBEF74-E398-4482-AB0C-D1A9B24506C2}.Debug|Any CPU.Build.0 = Debug|Any CPU
		{57FBEF74-E398-4482-AB0C-D1A9B24506C2}.Release|Any CPU.ActiveCfg = Release|Any CPU
		{57FBEF74-E398-4482-AB0C-D1A9B24506C2}.Release|Any CPU.Build.0 = Release|Any CPU
	EndGlobalSection
	GlobalSection(SolutionProperties) = preSolution
		HideSolutionNode = FALSE
	EndGlobalSection
	GlobalSection(ExtensibilityGlobals) = postSolution
		SolutionGuid = {9888BCCE-ECE8-4F1A-9A07-7D09E83F64E4}
	EndGlobalSection
EndGlobal
